{"version":4,"terraform_version":"1.11.5","serial":1019,"lineage":"2e28f053-3b8d-c9e3-b72d-d57cd3b7229e","outputs":{"bucket":{"value":"wadjet-bench-sf100-use2","type":"string"},"coordinator_instance_id":{"value":"i-0525de3a7b050918e","type":"string"},"coordinator_private_ip":{"value":"172.31.33.60","type":"string"},"estimated_hourly_cost":{"value":"Coordinator (c7g.2xlarge) + 3x workers (c7gd.4xlarge)","type":"string"},"mode":{"value":"distributed","type":"string"},"profile":{"value":"sf100-distributed","type":"string"},"region":{"value":"us-east-2","type":"string"},"scale_factor":{"value":100,"type":"number"},"spot_enabled":{"value":true,"type":"bool"},"ssm_coordinator":{"value":"aws ssm start-session --target i-0525de3a7b050918e --region us-east-2","type":"string"},"worker_instance_ids":{"value":["i-027933a4fe4a91572","i-00ebddfd55af39059","i-037fbb6be35883861"],"type":["list","string"]},"worker_private_ips":{"value":["172.31.46.19","172.31.39.251","172.31.42.184"],"type":["list","string"]}},"resources":[{"mode":"data","type":"aws_ami","name":"al2023","provider":"provider[\"registry.opentofu.org/hashicorp/aws\"]","instances":[{"schema_version":0,"attributes":{"architecture":"arm64","arn":"arn:aws:ec2:us-east-2::image/ami-003f75d2390ee71d8","block_device_mappings":[{"device_name":"/dev/xvda","ebs":{"delete_on_termination":"true","encrypted":"false","iops":"3000","snapshot_id":"snap-0612857477369bfda","throughput":"125","volume_initialization_rate":"0","volume_size":"8","volume_type":"gp3"},"no_device":"","virtual_name":""}],"boot_mode":"uefi","creation_date":"2026-03-30T20:13:40.000Z","deprecation_time":"2026-06-28T20:19:00.000Z","description":"Amazon Linux 2023 AMI 2023.10.20260330.0 arm64 HVM kernel-6.18","ena_support":true,"executable_users":null,"filter":[{"name":"name","values":["al2023-ami-2023.*-kernel-*-arm64"]},{"name":"virtualization-type","values":["hvm"]}],"hypervisor":"xen","id":"ami-003f75d2390ee71d8","image_id":"ami-003f75d2390ee71d8","image_location":"amazon/al2023-ami-2023.10.20260330.0-kernel-6.18-arm64","image_owner_alias":"amazon","image_type":"machine","imds_support":"v2.0","include_deprecated":false,"kernel_id":"","last_launched_time":"","most_recent":true,"name":"al2023-ami-2023.10.20260330.0-kernel-6.18-arm64","name_regex":null,"owner_id":"137112412989","owners":["amazon"],"platform":"","platform_details":"Linux/UNIX","product_codes":[],"public":true,"ramdisk_id":"","root_device_name":"/dev/xvda","root_device_type":"ebs","root_snapshot_id":"snap-0612857477369bfda","sriov_net_support":"simple","state":"available","state_reason":{"code":"UNSET","message":"UNSET"},"tags":{},"timeouts":null,"tpm_support":"","uefi_data":null,"usage_operation":"RunInstances","virtualization_type":"hvm"},"sensitive_attributes":[]}]},{"mode":"data","type":"aws_route_tables","name":"default","provider":"provider[\"registry.opentofu.org/hashicorp/aws\"]","instances":[{"schema_version":0,"attributes":{"filter":null,"id":"us-east-2","ids":["rtb-0bd3a0c9e3a8f14ee"],"tags":null,"timeouts":null,"vpc_id":"vpc-0a11f2c3ce2482bf6"},"sensitive_attributes":[]}]},{"mode":"data","type":"aws_subnets","name":"default","provider":"provider[\"registry.opentofu.org/hashicorp/aws\"]","instances":[{"schema_version":0,"attributes":{"filter":[{"name":"vpc-id","values":["vpc-0a11f2c3ce2482bf6"]}],"id":"us-east-2","ids":["subnet-0cb7f53c7432f8b34","subnet-0b22cb993f4005d76","subnet-0918ea5a5c5f291ec"],"tags":null,"timeouts":null},"sensitive_attributes":[]}]},{"mode":"data","type":"aws_vpc","name":"default","provider":"provider[\"registry.opentofu.org/hashicorp/aws\"]","instances":[{"schema_version":0,"attributes":{"arn":"arn:aws:ec2:us-east-2:591735332694:vpc/vpc-0a11f2c3ce2482bf6","cidr_block":"172.31.0.0/16","cidr_block_associations":[{"association_id":"vpc-cidr-assoc-08c9902b2cba52e16","cidr_block":"172.31.0.0/16","state":"associated"}],"default":true,"dhcp_options_id":"dopt-4addc523","enable_dns_hostnames":true,"enable_dns_support":true,"enable_network_address_usage_metrics":false,"filter":null,"id":"vpc-0a11f2c3ce2482bf6","instance_tenancy":"default","ipv6_association_id":"","ipv6_cidr_block":"","main_route_table_id":"rtb-0bd3a0c9e3a8f14ee","owner_id":"591735332694","state":null,"tags":{},"timeouts":null},"sensitive_attributes":[]}]},{"mode":"managed","type":"aws_iam_instance_profile","name":"bench","provider":"provider[\"registry.opentofu.org/hashicorp/aws\"]","instances":[{"schema_version":0,"attributes":{"arn":"arn:aws:iam::591735332694:instance-profile/wadjet-bench-20260404192446549600000005","create_date":"2026-04-04T19:24:46Z","id":"wadjet-bench-20260404192446549600000005","name":"wadjet-bench-20260404192446549600000005","name_prefix":"wadjet-bench-","path":"/","role":"wadjet-bench-20260404192446266200000001","tags":null,"tags_all":{},"unique_id":"AIPAYTRRMT5LEG7CX77FT"},"sensitive_attributes":[],"private":"bnVsbA==","dependencies":["aws_iam_role.bench"]}]},{"mode":"managed","type":"aws_iam_role","name":"bench","provider":"provider[\"registry.opentofu.org/hashicorp/aws\"]","instances":[{"schema_version":0,"attributes":{"arn":"arn:aws:iam::591735332694:role/wadjet-bench-20260404192446266200000001","assume_role_policy":"{\"Statement\":[{\"Action\":\"sts:AssumeRole\",\"Effect\":\"Allow\",\"Principal\":{\"Service\":\"ec2.amazonaws.com\"}}],\"Version\":\"2012-10-17\"}","create_date":"2026-04-04T19:24:46Z","description":"","force_detach_policies":false,"id":"wadjet-bench-20260404192446266200000001","inline_policy":[],"managed_policy_arns":[],"max_session_duration":3600,"name":"wadjet-bench-20260404192446266200000001","name_prefix":"wadjet-bench-","path":"/","permissions_boundary":"","tags":null,"tags_all":{},"unique_id":"AROAYTRRMT5LAR3HEK3ME"},"sensitive_attributes":[],"private":"bnVsbA=="}]},{"mode":"managed","type":"aws_iam_role_policy","name":"s3_access","provider":"provider[\"registry.opentofu.org/hashicorp/aws\"]","instances":[{"schema_version":0,"attributes":{"id":"wadjet-bench-20260404192446266200000001:wadjet-bench-s3-20260404192446549500000004","name":"wadjet-bench-s3-20260404192446549500000004","name_prefix":"wadjet-bench-s3-","policy":"{\"Version\":\"2012-10-17\",\"Statement\":[{\"Action\":[\"s3:GetObject\",\"s3:PutObject\",\"s3:DeleteObject\",\"s3:ListBucket\",\"s3:HeadObject\",\"s3:HeadBucket\"],\"Effect\":\"Allow\",\"Resource\":[\"arn:aws:s3:::wadjet-bench-sf100-use2\",\"arn:aws:s3:::wadjet-bench-sf100-use2/*\"]}]}","role":"wadjet-bench-20260404192446266200000001"},"sensitive_attributes":[],"private":"bnVsbA==","dependencies":["aws_iam_role.bench","aws_s3_bucket.benchmark"]}]},{"mode":"managed","type":"aws_iam_role_policy_attachment","name":"ssm","provider":"provider[\"registry.opentofu.org/hashicorp/aws\"]","instances":[{"schema_version":0,"attributes":{"id":"wadjet-bench-20260404192446266200000001-20260404192446652100000006","policy_arn":"arn:aws:iam::aws:policy/AmazonSSMManagedInstanceCore","role":"wadjet-bench-20260404192446266200000001"},"sensitive_attributes":[],"private":"bnVsbA==","dependencies":["aws_iam_role.bench"]}]},{"mode":"managed","type":"aws_instance","name":"coordinator","provider":"provider[\"registry.opentofu.org/hashicorp/aws\"]","instances":[{"index_key":0,"schema_version":1,"attributes":{"ami":"ami-003f75d2390ee71d8","arn":"arn:aws:ec2:us-east-2:591735332694:instance/i-0525de3a7b050918e","associate_public_ip_address":true,"availability_zone":"us-east-2c","capacity_reservation_specification":[{"capacity_reservation_preference":"open","capacity_reservation_target":[]}],"cpu_core_count":8,"cpu_options":[{"amd_sev_snp":"","core_count":8,"threads_per_core":1}],"cpu_threads_per_core":1,"credit_specification":[],"disable_api_stop":false,"disable_api_termination":false,"ebs_block_device":[],"ebs_optimized":false,"enable_primary_ipv6":null,"enclave_options":[{"enabled":false}],"ephemeral_block_device":[],"get_password_data":false,"hibernation":false,"host_id":"","host_resource_group_arn":null,"iam_instance_profile":"wadjet-bench-20260404192446549600000005","id":"i-0525de3a7b050918e","instance_initiated_shutdown_behavior":"stop","instance_lifecycle":"","instance_market_options":[],"instance_state":"running","instance_type":"c7g.2xlarge","ipv6_address_count":0,"ipv6_addresses":[],"key_name":"","launch_template":[],"maintenance_options":[{"auto_recovery":"default"}],"metadata_options":[{"http_endpoint":"enabled","http_protocol_ipv6":"disabled","http_put_response_hop_limit":2,"http_tokens":"required","instance_metadata_tags":"disabled"}],"monitoring":false,"network_interface":[],"outpost_arn":"","password_data":"","placement_group":"","placement_partition_number":0,"primary_network_interface_id":"eni-0152d6a2dca52423f","private_dns":"ip-172-31-33-60.us-east-2.compute.internal","private_dns_name_options":[{"enable_resource_name_dns_a_record":false,"enable_resource_name_dns_aaaa_record":false,"hostname_type":"ip-name"}],"private_ip":"172.31.33.60","public_dns":"ec2-3-134-80-253.us-east-2.compute.amazonaws.com","public_ip":"3.134.80.253","root_block_device":[{"delete_on_termination":true,"device_name":"/dev/xvda","encrypted":false,"iops":3000,"kms_key_id":"","tags":null,"tags_all":{},"throughput":250,"volume_id":"vol-06300058af0888d95","volume_size":200,"volume_type":"gp3"}],"secondary_private_ips":[],"security_groups":["wadjet-bench-20260404192446269100000003"],"source_dest_check":true,"spot_instance_request_id":"","subnet_id":"subnet-0cb7f53c7432f8b34","tags":{"Name":"wadjet-bench-coordinator","Project":"wadjet-bench","Role":"coordinator","SF":"SF100"},"tags_all":{"Name":"wadjet-bench-coordinator","Project":"wadjet-bench","Role":"coordinator","SF":"SF100"},"tenancy":"default","timeouts":null,"user_data":"b36eb72e791b995d942e3f395bbb861aca03a6da","user_data_base64":null,"user_data_replace_on_change":false,"volume_tags":null,"vpc_security_group_ids":["sg-0ec3e9f23c1fafad4"]},"sensitive_attributes":[],"private":"eyJlMmJmYjczMC1lY2FhLTExZTYtOGY4OC0zNDM2M2JjN2M0YzAiOnsiY3JlYXRlIjo2MDAwMDAwMDAwMDAsImRlbGV0ZSI6MTIwMDAwMDAwMDAwMCwicmVhZCI6OTAwMDAwMDAwMDAwLCJ1cGRhdGUiOjYwMDAwMDAwMDAwMH0sInNjaGVtYV92ZXJzaW9uIjoiMSJ9","dependencies":["aws_iam_instance_profile.bench","aws_iam_role.bench","aws_s3_bucket.benchmark","aws_security_group.bench","data.aws_ami.al2023","data.aws_subnets.default","data.aws_vpc.default"]}]},{"mode":"managed","type":"aws_instance","name":"worker","provider":"provider[\"registry.opentofu.org/hashicorp/aws\"]","instances":[{"index_key":0,"schema_version":1,"attributes":{"ami":"ami-003f75d2390ee71d8","arn":"arn:aws:ec2:us-east-2:591735332694:instance/i-027933a4fe4a91572","associate_public_ip_address":true,"availability_zone":"us-east-2c","capacity_reservation_specification":[{"capacity_reservation_preference":"open","capacity_reservation_target":[]}],"cpu_core_count":16,"cpu_options":[{"amd_sev_snp":"","core_count":16,"threads_per_core":1}],"cpu_threads_per_core":1,"credit_specification":[],"disable_api_stop":false,"disable_api_termination":false,"ebs_block_device":[],"ebs_optimized":false,"enable_primary_ipv6":null,"enclave_options":[{"enabled":false}],"ephemeral_block_device":[],"get_password_data":false,"hibernation":false,"host_id":"","host_resource_group_arn":null,"iam_instance_profile":"wadjet-bench-20260404192446549600000005","id":"i-027933a4fe4a91572","instance_initiated_shutdown_behavior":"terminate","instance_lifecycle":"spot","instance_market_options":[{"market_type":"spot","spot_options":[{"instance_interruption_behavior":"terminate","max_price":"0.725800","spot_instance_type":"one-time","valid_until":""}]}],"instance_state":"running","instance_type":"c7gd.4xlarge","ipv6_address_count":0,"ipv6_addresses":[],"key_name":"","launch_template":[],"maintenance_options":[{"auto_recovery":"default"}],"metadata_options":[{"http_endpoint":"enabled","http_protocol_ipv6":"disabled","http_put_response_hop_limit":2,"http_tokens":"required","instance_metadata_tags":"disabled"}],"monitoring":false,"network_interface":[],"outpost_arn":"","password_data":"","placement_group":"","placement_partition_number":0,"primary_network_interface_id":"eni-091e81b737210537d","private_dns":"ip-172-31-46-19.us-east-2.compute.internal","private_dns_name_options":[{"enable_resource_name_dns_a_record":false,"enable_resource_name_dns_aaaa_record":false,"hostname_type":"ip-name"}],"private_ip":"172.31.46.19","public_dns":"ec2-18-224-214-28.us-east-2.compute.amazonaws.com","public_ip":"18.224.214.28","root_block_device":[{"delete_on_termination":true,"device_name":"/dev/xvda","encrypted":false,"iops":3000,"kms_key_id":"","tags":null,"tags_all":{},"throughput":250,"volume_id":"vol-0523d0aed6ad84d76","volume_size":200,"volume_type":"gp3"}],"secondary_private_ips":[],"security_groups":["wadjet-bench-20260404192446269100000003"],"source_dest_check":true,"spot_instance_request_id":"sir-vd4qfecn","subnet_id":"subnet-0cb7f53c7432f8b34","tags":{"Name":"wadjet-bench-worker-0","Project":"wadjet-bench","Role":"worker","SF":"SF100"},"tags_all":{"Name":"wadjet-bench-worker-0","Project":"wadjet-bench","Role":"worker","SF":"SF100"},"tenancy":"default","timeouts":null,"user_data":"528a1707610f57c3deceb9838c12fc3258a39d23","user_data_base64":null,"user_data_replace_on_change":false,"volume_tags":null,"vpc_security_group_ids":["sg-0ec3e9f23c1fafad4"]},"sensitive_attributes":[],"private":"eyJlMmJmYjczMC1lY2FhLTExZTYtOGY4OC0zNDM2M2JjN2M0YzAiOnsiY3JlYXRlIjo2MDAwMDAwMDAwMDAsImRlbGV0ZSI6MTIwMDAwMDAwMDAwMCwicmVhZCI6OTAwMDAwMDAwMDAwLCJ1cGRhdGUiOjYwMDAwMDAwMDAwMH0sInNjaGVtYV92ZXJzaW9uIjoiMSJ9","dependencies":["aws_iam_instance_profile.bench","aws_iam_role.bench","aws_instance.coordinator","aws_s3_bucket.benchmark","aws_security_group.bench","data.aws_ami.al2023","data.aws_subnets.default","data.aws_vpc.default"]},{"index_key":1,"schema_version":1,"attributes":{"ami":"ami-003f75d2390ee71d8","arn":"arn:aws:ec2:us-east-2:591735332694:instance/i-00ebddfd55af39059","associate_public_ip_address":true,"availability_zone":"us-east-2c","capacity_reservation_specification":[{"capacity_reservation_preference":"open","capacity_reservation_target":[]}],"cpu_core_count":16,"cpu_options":[{"amd_sev_snp":"","core_count":16,"threads_per_core":1}],"cpu_threads_per_core":1,"credit_specification":[],"disable_api_stop":false,"disable_api_termination":false,"ebs_block_device":[],"ebs_optimized":false,"enable_primary_ipv6":null,"enclave_options":[{"enabled":false}],"ephemeral_block_device":[],"get_password_data":false,"hibernation":false,"host_id":"","host_resource_group_arn":null,"iam_instance_profile":"wadjet-bench-20260404192446549600000005","id":"i-00ebddfd55af39059","instance_initiated_shutdown_behavior":"terminate","instance_lifecycle":"spot","instance_market_options":[{"market_type":"spot","spot_options":[{"instance_interruption_behavior":"terminate","max_price":"0.725800","spot_instance_type":"one-time","valid_until":""}]}],"instance_state":"running","instance_type":"c7gd.4xlarge","ipv6_address_count":0,"ipv6_addresses":[],"key_name":"","launch_template":[],"maintenance_options":[{"auto_recovery":"default"}],"metadata_options":[{"http_endpoint":"enabled","http_protocol_ipv6":"disabled","http_put_response_hop_limit":2,"http_tokens":"required","instance_metadata_tags":"disabled"}],"monitoring":false,"network_interface":[],"outpost_arn":"","password_data":"","placement_group":"","placement_partition_number":0,"primary_network_interface_id":"eni-0478800ecd2782089","private_dns":"ip-172-31-39-251.us-east-2.compute.internal","private_dns_name_options":[{"enable_resource_name_dns_a_record":false,"enable_resource_name_dns_aaaa_record":false,"hostname_type":"ip-name"}],"private_ip":"172.31.39.251","public_dns":"ec2-3-144-138-80.us-east-2.compute.amazonaws.com","public_ip":"3.144.138.80","root_block_device":[{"delete_on_termination":true,"device_name":"/dev/xvda","encrypted":false,"iops":3000,"kms_key_id":"","tags":null,"tags_all":{},"throughput":250,"volume_id":"vol-0b9cd3e0ec9d8f2ec","volume_size":200,"volume_type":"gp3"}],"secondary_private_ips":[],"security_groups":["wadjet-bench-20260404192446269100000003"],"source_dest_check":true,"spot_instance_request_id":"sir-hsbfcrmp","subnet_id":"subnet-0cb7f53c7432f8b34","tags":{"Name":"wadjet-bench-worker-1","Project":"wadjet-bench","Role":"worker","SF":"SF100"},"tags_all":{"Name":"wadjet-bench-worker-1","Project":"wadjet-bench","Role":"worker","SF":"SF100"},"tenancy":"default","timeouts":null,"user_data":"528a1707610f57c3deceb9838c12fc3258a39d23","user_data_base64":null,"user_data_replace_on_change":false,"volume_tags":null,"vpc_security_group_ids":["sg-0ec3e9f23c1fafad4"]},"sensitive_attributes":[],"private":"eyJlMmJmYjczMC1lY2FhLTExZTYtOGY4OC0zNDM2M2JjN2M0YzAiOnsiY3JlYXRlIjo2MDAwMDAwMDAwMDAsImRlbGV0ZSI6MTIwMDAwMDAwMDAwMCwicmVhZCI6OTAwMDAwMDAwMDAwLCJ1cGRhdGUiOjYwMDAwMDAwMDAwMH0sInNjaGVtYV92ZXJzaW9uIjoiMSJ9","dependencies":["aws_iam_instance_profile.bench","aws_iam_role.bench","aws_instance.coordinator","aws_s3_bucket.benchmark","aws_security_group.bench","data.aws_ami.al2023","data.aws_subnets.default","data.aws_vpc.default"]},{"index_key":2,"schema_version":1,"attributes":{"ami":"ami-003f75d2390ee71d8","arn":"arn:aws:ec2:us-east-2:591735332694:instance/i-037fbb6be35883861","associate_public_ip_address":true,"availability_zone":"us-east-2c","capacity_reservation_specification":[{"capacity_reservation_preference":"open","capacity_reservation_target":[]}],"cpu_core_count":16,"cpu_options":[{"amd_sev_snp":"","core_count":16,"threads_per_core":1}],"cpu_threads_per_core":1,"credit_specification":[],"disable_api_stop":false,"disable_api_termination":false,"ebs_block_device":[],"ebs_optimized":false,"enable_primary_ipv6":null,"enclave_options":[{"enabled":false}],"ephemeral_block_device":[],"get_password_data":false,"hibernation":false,"host_id":"","host_resource_group_arn":null,"iam_instance_profile":"wadjet-bench-20260404192446549600000005","id":"i-037fbb6be35883861","instance_initiated_shutdown_behavior":"terminate","instance_lifecycle":"spot","instance_market_options":[{"market_type":"spot","spot_options":[{"instance_interruption_behavior":"terminate","max_price":"0.725800","spot_instance_type":"one-time","valid_until":""}]}],"instance_state":"running","instance_type":"c7gd.4xlarge","ipv6_address_count":0,"ipv6_addresses":[],"key_name":"","launch_template":[],"maintenance_options":[{"auto_recovery":"default"}],"metadata_options":[{"http_endpoint":"enabled","http_protocol_ipv6":"disabled","http_put_response_hop_limit":2,"http_tokens":"required","instance_metadata_tags":"disabled"}],"monitoring":false,"network_interface":[],"outpost_arn":"","password_data":"","placement_group":"","placement_partition_number":0,"primary_network_interface_id":"eni-0312746b4b5a78c2b","private_dns":"ip-172-31-42-184.us-east-2.compute.internal","private_dns_name_options":[{"enable_resource_name_dns_a_record":false,"enable_resource_name_dns_aaaa_record":false,"hostname_type":"ip-name"}],"private_ip":"172.31.42.184","public_dns":"ec2-3-17-203-192.us-east-2.compute.amazonaws.com","public_ip":"3.17.203.192","root_block_device":[{"delete_on_termination":true,"device_name":"/dev/xvda","encrypted":false,"iops":3000,"kms_key_id":"","tags":null,"tags_all":{},"throughput":250,"volume_id":"vol-0629e37b7c57cdc4d","volume_size":200,"volume_type":"gp3"}],"secondary_private_ips":[],"security_groups":["wadjet-bench-20260404192446269100000003"],"source_dest_check":true,"spot_instance_request_id":"sir-my37ec6q","subnet_id":"subnet-0cb7f53c7432f8b34","tags":{"Name":"wadjet-bench-worker-2","Project":"wadjet-bench","Role":"worker","SF":"SF100"},"tags_all":{"Name":"wadjet-bench-worker-2","Project":"wadjet-bench","Role":"worker","SF":"SF100"},"tenancy":"default","timeouts":null,"user_data":"528a1707610f57c3deceb9838c12fc3258a39d23","user_data_base64":null,"user_data_replace_on_change":false,"volume_tags":null,"vpc_security_group_ids":["sg-0ec3e9f23c1fafad4"]},"sensitive_attributes":[],"private":"eyJlMmJmYjczMC1lY2FhLTExZTYtOGY4OC0zNDM2M2JjN2M0YzAiOnsiY3JlYXRlIjo2MDAwMDAwMDAwMDAsImRlbGV0ZSI6MTIwMDAwMDAwMDAwMCwicmVhZCI6OTAwMDAwMDAwMDAwLCJ1cGRhdGUiOjYwMDAwMDAwMDAwMH0sInNjaGVtYV92ZXJzaW9uIjoiMSJ9","dependencies":["aws_iam_instance_profile.bench","aws_iam_role.bench","aws_instance.coordinator","aws_s3_bucket.benchmark","aws_security_group.bench","data.aws_ami.al2023","data.aws_subnets.default","data.aws_vpc.default"]}]},{"mode":"managed","type":"aws_security_group","name":"bench","provider":"provider[\"registry.opentofu.org/hashicorp/aws\"]","instances":[{"schema_version":1,"attributes":{"arn":"arn:aws:ec2:us-east-2:591735332694:security-group/sg-0ec3e9f23c1fafad4","description":"Managed by Terraform","egress":[{"cidr_blocks":["0.0.0.0/0"],"description":"","from_port":0,"ipv6_cidr_blocks":[],"prefix_list_ids":[],"protocol":"-1","security_groups":[],"self":false,"to_port":0}],"id":"sg-0ec3e9f23c1fafad4","ingress":[{"cidr_blocks":[],"description":"","from_port":4222,"ipv6_cidr_blocks":[],"prefix_list_ids":[],"protocol":"tcp","security_groups":[],"self":true,"to_port":4222},{"cidr_blocks":[],"description":"","from_port":5433,"ipv6_cidr_blocks":[],"prefix_list_ids":[],"protocol":"tcp","security_groups":[],"self":true,"to_port":5433},{"cidr_blocks":[],"description":"","from_port":8080,"ipv6_cidr_blocks":[],"prefix_list_ids":[],"protocol":"tcp","security_groups":[],"self":true,"to_port":8080},{"cidr_blocks":[],"description":"","from_port":9090,"ipv6_cidr_blocks":[],"prefix_list_ids":[],"protocol":"tcp","security_groups":[],"self":true,"to_port":9090}],"name":"wadjet-bench-20260404192446269100000003","name_prefix":"wadjet-bench-","owner_id":"591735332694","revoke_rules_on_delete":false,"tags":null,"tags_all":{},"timeouts":null,"vpc_id":"vpc-0a11f2c3ce2482bf6"},"sensitive_attributes":[],"private":"eyJlMmJmYjczMC1lY2FhLTExZTYtOGY4OC0zNDM2M2JjN2M0YzAiOnsiY3JlYXRlIjo2MDAwMDAwMDAwMDAsImRlbGV0ZSI6OTAwMDAwMDAwMDAwfSwic2NoZW1hX3ZlcnNpb24iOiIxIn0=","dependencies":["data.aws_vpc.default"]}]},{"mode":"managed","type":"aws_vpc_endpoint","name":"s3","provider":"provider[\"registry.opentofu.org/hashicorp/aws\"]","instances":[{"schema_version":0,"attributes":{"arn":"arn:aws:ec2:us-east-2:591735332694:vpc-endpoint/vpce-0e05edb217e2deb9b","auto_accept":null,"cidr_blocks":["18.34.252.0/22","52.219.141.0/24","18.34.72.0/21","52.219.96.0/20","52.219.224.0/21","16.12.60.0/22","52.219.232.0/22","52.219.80.0/20","3.5.128.0/22","52.219.142.0/23","3.5.132.0/23","3.5.92.0/23","3.5.88.0/22","16.12.64.0/22","52.219.212.0/22","52.219.176.0/22"],"dns_entry":[],"dns_options":[{"dns_record_ip_type":"service-defined","private_dns_only_for_inbound_resolver_endpoint":false}],"id":"vpce-0e05edb217e2deb9b","ip_address_type":"ipv4","network_interface_ids":[],"owner_id":"591735332694","policy":"{\"Statement\":[{\"Action\":\"*\",\"Effect\":\"Allow\",\"Principal\":\"*\",\"Resource\":\"*\"}],\"Version\":\"2008-10-17\"}","prefix_list_id":"pl-7ba54012","private_dns_enabled":false,"requester_managed":false,"resource_configuration_arn":"","route_table_ids":["rtb-0bd3a0c9e3a8f14ee"],"security_group_ids":[],"service_name":"com.amazonaws.us-east-2.s3","service_network_arn":"","service_region":"us-east-2","state":"available","subnet_configuration":[],"subnet_ids":[],"tags":null,"tags_all":{},"timeouts":null,"vpc_endpoint_type":"Gateway","vpc_id":"vpc-0a11f2c3ce2482bf6"},"sensitive_attributes":[],"private":"eyJlMmJmYjczMC1lY2FhLTExZTYtOGY4OC0zNDM2M2JjN2M0YzAiOnsiY3JlYXRlIjo2MDAwMDAwMDAwMDAsImRlbGV0ZSI6NjAwMDAwMDAwMDAwLCJ1cGRhdGUiOjYwMDAwMDAwMDAwMH19","dependencies":["data.aws_route_tables.default","data.aws_vpc.default"]}]}],"check_results":[{"object_kind":"var","config_addr":"var.mode","status":"pass","objects":[{"object_addr":"var.mode","status":"pass"}]},{"object_kind":"var","config_addr":"var.benchmark_type","status":"pass","objects":[{"object_addr":"var.benchmark_type","status":"pass"}]},{"object_kind":"var","config_addr":"var.arch","status":"pass","objects":[{"object_addr":"var.arch","status":"pass"}]},{"object_kind":"var","config_addr":"var.scale_factor","status":"pass","objects":[{"object_addr":"var.scale_factor","status":"pass"}]}]}
